
Microsoft Visual Studio Solution File, Format Version 12.00
# Visual Studio Version 16
VisualStudioVersion = 16.0.29209.62
MinimumVisualStudioVersion = 10.0.40219.1
Project("{9A19103F-16F7-4668-BE54-9A1E7A4F7556}") = "TokenServer", "TokenServer\TokenServer.csproj", "{4FE74DB0-5A65-4C26-B241-190A900910A4}"
EndProject
Global
	GlobalSection(SolutionConfigurationPlatforms) = preSolution
		Debug|Any CPU = Debug|Any CPU
		Release|Any CPU = Release|Any CPU
	EndGlobalSection
	GlobalSection(ProjectConfigurationPlatforms) = postSolution
		{4FE74DB0-5A65-4C26-B241-190A900910A4}.Debug|Any CPU.ActiveCfg = Debug|Any CPU
		{4FE74DB0-5A65-4C26-B241-190A900910A4}.Debug|Any CPU.Build.0 = Debug|Any CPU
		{4FE74DB0-5A65-4C26-B241-190A900910A4}.Release|Any CPU.ActiveCfg = Release|Any CPU
		{4FE74DB0-5A65-4C26-B241-190A900910A4}.Release|Any CPU.Build.0 = Release|Any CPU
	EndGlobalSection
	GlobalSection(SolutionProperties) = preSolution
		HideSolutionNode = FALSE
	EndGlobalSection
	GlobalSection(ExtensibilityGlobals) = postSolution
		SolutionGuid = {83AE4AEA-D9A9-42B6-919C-772C6C3D331C}
	EndGlobalSection
EndGlobal
